
Microsoft Visual Studio Solution File, Format Version 12.00
# Visual Studio Version 16
VisualStudioVersion = 16.0.29306.81
MinimumVisualStudioVersion = 10.0.40219.1
Project("{FAE04EC0-301F-11D3-BF4B-00C04F79EFBC}") = "CsaludApp.Common", "CsaludApp.Common\CsaludApp.Common.csproj", "{78623035-77B2-4FAB-A9FA-704BCEABB72E}"
EndProject
Project("{FAE04EC0-301F-11D3-BF4B-00C04F79EFBC}") = "CsaludApp.Web", "CsaludApp.Web\CsaludApp.Web.csproj", "{DF25B5C2-AAE9-4BA5-A50B-9E57AE8E2065}"
EndProject
Global
	GlobalSection(SolutionConfigurationPlatforms) = preSolution
		Debug|Any CPU = Debug|Any CPU
		Release|Any CPU = Release|Any CPU
	EndGlobalSection
	GlobalSection(ProjectConfigurationPlatforms) = postSolution
		{78623035-77B2-4FAB-A9FA-704BCEABB72E}.Debug|Any CPU.ActiveCfg = Debug|Any CPU
		{78623035-77B2-4FAB-A9FA-704BCEABB72E}.Debug|Any CPU.Build.0 = Debug|Any CPU
		{78623035-77B2-4FAB-A9FA-704BCEABB72E}.Release|Any CPU.ActiveCfg = Release|Any CPU
		{78623035-77B2-4FAB-A9FA-704BCEABB72E}.Release|Any CPU.Build.0 = Release|Any CPU
		{DF25B5C2-AAE9-4BA5-A50B-9E57AE8E2065}.Debug|Any CPU.ActiveCfg = Debug|Any CPU
		{DF25B5C2-AAE9-4BA5-A50B-9E57AE8E2065}.Debug|Any CPU.Build.0 = Debug|Any CPU
		{DF25B5C2-AAE9-4BA5-A50B-9E57AE8E2065}.Release|Any CPU.ActiveCfg = Release|Any CPU
		{DF25B5C2-AAE9-4BA5-A50B-9E57AE8E2065}.Release|Any CPU.Build.0 = Release|Any CPU
	EndGlobalSection
	GlobalSection(SolutionProperties) = preSolution
		HideSolutionNode = FALSE
	EndGlobalSection
	GlobalSection(ExtensibilityGlobals) = postSolution
		SolutionGuid = {AE9D4978-56F4-4D6C-894B-79961CC27871}
	EndGlobalSection
EndGlobal
